ac2ba4c3357a596f0ade5a50083ca03e https://github.com/FortAwesome/font-awesome-sass/archive/4.7.0.zip :zip-lookup
482c6f8b1420be7d35b65158583b4aa4 https://github.com/FortAwesome/font-awesome-sass/archive/4.7.0.zip :zip-raw
fb28daafd825fdde1443ba91e241db73 https://github.com/FortAwesome/font-awesome-sass/archive/4.7.0.zip font-awesome-sass/stylesheets/_font-awesome-compass.scss
c403473a4cd9d968ab40ad1537900586 https://github.com/FortAwesome/font-awesome-sass/archive/4.7.0.zip font-awesome-sass/stylesheets/_font-awesome-sprockets.scss
03053e634870cb730e22fb856e2fdc5c https://github.com/FortAwesome/font-awesome-sass/archive/4.7.0.zip font-awesome-sass/stylesheets/_font-awesome.scss
39ff4f359a7b81d6585075715f41e5dc https://github.com/FortAwesome/font-awesome-sass/archive/4.7.0.zip font-awesome-sass/stylesheets/font-awesome/_animated.scss
4cad0df17bf40327feae33fa9a6c6ba2 https://github.com/FortAwesome/font-awesome-sass/archive/4.7.0.zip font-awesome-sass/stylesheets/font-awesome/_bordered-pulled.scss
ef059a98cf9de6ca5b77ee6850771cf0 https://github.com/FortAwesome/font-awesome-sass/archive/4.7.0.zip font-awesome-sass/stylesheets/font-awesome/_core.scss
9277ab6964a434d499873687b00be906 https://github.com/FortAwesome/font-awesome-sass/archive/4.7.0.zip font-awesome-sass/stylesheets/font-awesome/_fixed-width.scss
de9fa842ad0b619a95ac4f42ac6ba930 https://github.com/FortAwesome/font-awesome-sass/archive/4.7.0.zip font-awesome-sass/stylesheets/font-awesome/_icons.scss
e95931566f6fc6ad5685c4fa9802e206 https://github.com/FortAwesome/font-awesome-sass/archive/4.7.0.zip font-awesome-sass/stylesheets/font-awesome/_larger.scss
7107e80b053928271d5fcf422dc29490 https://github.com/FortAwesome/font-awesome-sass/archive/4.7.0.zip font-awesome-sass/stylesheets/font-awesome/_list.scss
aa2b8f32b403733713d8885f14ab86cc https://github.com/FortAwesome/font-awesome-sass/archive/4.7.0.zip font-awesome-sass/stylesheets/font-awesome/_mixins.scss
bb325d875049b144aa9f5b8aef708895 https://github.com/FortAwesome/font-awesome-sass/archive/4.7.0.zip font-awesome-sass/stylesheets/font-awesome/_path.scss
9f5d4bc6fadea89328d2aac26574a9d8 https://github.com/FortAwesome/font-awesome-sass/archive/4.7.0.zip font-awesome-sass/stylesheets/font-awesome/_rotated-flipped.scss
8907bd7dbf4799e8120bda5568d76fea https://github.com/FortAwesome/font-awesome-sass/archive/4.7.0.zip font-awesome-sass/stylesheets/font-awesome/_screen-reader.scss
5594237226aedfbca2fa1c7f4604c214 https://github.com/FortAwesome/font-awesome-sass/archive/4.7.0.zip font-awesome-sass/stylesheets/font-awesome/_stacked.scss
17c5d5b24ef00ba6d6949c33536a8668 https://github.com/FortAwesome/font-awesome-sass/archive/4.7.0.zip font-awesome-sass/stylesheets/font-awesome/_variables.scss
674f50d287a8c48dc19ba404d20fe713 https://github.com/FortAwesome/font-awesome-sass/archive/4.7.0.zip fonts/font-awesome/fontawesome-webfont.eot
912ec66d7572ff821749319396470bde https://github.com/FortAwesome/font-awesome-sass/archive/4.7.0.zip fonts/font-awesome/fontawesome-webfont.svg
b06871f281fee6b241d60582ae9369b9 https://github.com/FortAwesome/font-awesome-sass/archive/4.7.0.zip fonts/font-awesome/fontawesome-webfont.ttf
fee66e712a8a08eef5805a46892932ad https://github.com/FortAwesome/font-awesome-sass/archive/4.7.0.zip fonts/font-awesome/fontawesome-webfont.woff
af7ae505a9eed503f8b8e6982036873e https://github.com/FortAwesome/font-awesome-sass/archive/4.7.0.zip fonts/font-awesome/fontawesome-webfont.woff2
d08b8017dba5d7cd5a3ffaa10c1a420f https://github.com/twbs/bootstrap/archive/v4.0.0-beta.2.zip :zip-lookup
a6588481a5a418cd1943d2d1c4a28a04 https://github.com/twbs/bootstrap/archive/v4.0.0-beta.2.zip :zip-raw
4169d0d7cc6c08e52ccce7b481e5cffb https://github.com/twbs/bootstrap/archive/v4.0.0-beta.2.zip bootstrap/_alert.scss
78ac7b067be83693c822f85b32710e36 https://github.com/twbs/bootstrap/archive/v4.0.0-beta.2.zip bootstrap/_badge.scss
e67829d9e6f9b44df1a5d4e814b8965b https://github.com/twbs/bootstrap/archive/v4.0.0-beta.2.zip bootstrap/_breadcrumb.scss
e3820b2ebc805ee535722a1327d422b2 https://github.com/twbs/bootstrap/archive/v4.0.0-beta.2.zip bootstrap/_button-group.scss
f2cdea30bf9e6b8de058262028606f88 https://github.com/twbs/bootstrap/archive/v4.0.0-beta.2.zip bootstrap/_buttons.scss
d5a16a60cc0fc7bdd40f9f088f45ca74 https://github.com/twbs/bootstrap/archive/v4.0.0-beta.2.zip bootstrap/_card.scss
e0115bb6ebe6f612b6f3e5d0fbe9ef42 https://github.com/twbs/bootstrap/archive/v4.0.0-beta.2.zip bootstrap/_carousel.scss
8b20fbd66080662bfebe668ed9872559 https://github.com/twbs/bootstrap/archive/v4.0.0-beta.2.zip bootstrap/_close.scss
bb059a824fa06abf4ad1484c1b1d884f https://github.com/twbs/bootstrap/archive/v4.0.0-beta.2.zip bootstrap/_code.scss
98d515376686fae49b6161f8291a36d8 https://github.com/twbs/bootstrap/archive/v4.0.0-beta.2.zip bootstrap/_custom-forms.scss
fbb6d00eca6574f96f83e2d731b02e8d https://github.com/twbs/bootstrap/archive/v4.0.0-beta.2.zip bootstrap/_dropdown.scss
591095a404c4c92e7ba7d38a30c975a6 https://github.com/twbs/bootstrap/archive/v4.0.0-beta.2.zip bootstrap/_forms.scss
f8cb0175356adf312ef657adf0b23de2 https://github.com/twbs/bootstrap/archive/v4.0.0-beta.2.zip bootstrap/_functions.scss
7a62e00e17b11915d573f2c361c3019f https://github.com/twbs/bootstrap/archive/v4.0.0-beta.2.zip bootstrap/_grid.scss
d1c038ef22fe735993aed2e041fd6a74 https://github.com/twbs/bootstrap/archive/v4.0.0-beta.2.zip bootstrap/_images.scss
be708d127d9ce5b3a55b53a65fff24cc https://github.com/twbs/bootstrap/archive/v4.0.0-beta.2.zip bootstrap/_input-group.scss
df9d9701ed5302a84aaac08a0053f0fb https://github.com/twbs/bootstrap/archive/v4.0.0-beta.2.zip bootstrap/_jumbotron.scss
974aa045f5990bcfc66f320834f1b315 https://github.com/twbs/bootstrap/archive/v4.0.0-beta.2.zip bootstrap/_list-group.scss
d2ea169e5ccb567ff12e945885a90fa6 https://github.com/twbs/bootstrap/archive/v4.0.0-beta.2.zip bootstrap/_media.scss
b7fb3d435957dd6d62a16656f1072e72 https://github.com/twbs/bootstrap/archive/v4.0.0-beta.2.zip bootstrap/_mixins.scss
b0f36fb3d324b3a67a56b9cdfb71dc68 https://github.com/twbs/bootstrap/archive/v4.0.0-beta.2.zip bootstrap/_modal.scss
8d24d562b7f94f60075ab4b4180ebe40 https://github.com/twbs/bootstrap/archive/v4.0.0-beta.2.zip bootstrap/_nav.scss
0b45cc4909f08fa7adff14f1a67e7908 https://github.com/twbs/bootstrap/archive/v4.0.0-beta.2.zip bootstrap/_navbar.scss
c0477f5b29caeadb4a38c379c83751ff https://github.com/twbs/bootstrap/archive/v4.0.0-beta.2.zip bootstrap/_pagination.scss
76cd97dbbdec863c8158056944d4f7b8 https://github.com/twbs/bootstrap/archive/v4.0.0-beta.2.zip bootstrap/_popover.scss
ce45f14d190a995aa6b41a3d5556db92 https://github.com/twbs/bootstrap/archive/v4.0.0-beta.2.zip bootstrap/_print.scss
506e21bc1601542cb1c25a99ecbf996b https://github.com/twbs/bootstrap/archive/v4.0.0-beta.2.zip bootstrap/_progress.scss
b7ee542c1a233407832e3c7b2cdbfc54 https://github.com/twbs/bootstrap/archive/v4.0.0-beta.2.zip bootstrap/_reboot.scss
111c0270ee49008df62a2e9ba0078f01 https://github.com/twbs/bootstrap/archive/v4.0.0-beta.2.zip bootstrap/_root.scss
be12d7c0dbba23c9c4befd38894d032a https://github.com/twbs/bootstrap/archive/v4.0.0-beta.2.zip bootstrap/_tables.scss
6a1ce8d2ff60ff8fb7ca2de176f232a7 https://github.com/twbs/bootstrap/archive/v4.0.0-beta.2.zip bootstrap/_tooltip.scss
43d30cfbc49b466ab0060f8959fd15d7 https://github.com/twbs/bootstrap/archive/v4.0.0-beta.2.zip bootstrap/_transitions.scss
53687835ddbcc2c148b1b65ad47b810a https://github.com/twbs/bootstrap/archive/v4.0.0-beta.2.zip bootstrap/_type.scss
6796309c0a9a03c934f743f238a5eb8b https://github.com/twbs/bootstrap/archive/v4.0.0-beta.2.zip bootstrap/_utilities.scss
d930187aa5176601bb87a6875a32cdab https://github.com/twbs/bootstrap/archive/v4.0.0-beta.2.zip bootstrap/_variables.scss
a46c5f80a10a197181ecbf79044a3366 https://github.com/twbs/bootstrap/archive/v4.0.0-beta.2.zip bootstrap/bootstrap-grid.scss
82b7fcdad0b19ba67482c79120e36dc9 https://github.com/twbs/bootstrap/archive/v4.0.0-beta.2.zip bootstrap/bootstrap-reboot.scss
2ccf87da6ba152f7971e614cff491248 https://github.com/twbs/bootstrap/archive/v4.0.0-beta.2.zip bootstrap/bootstrap.scss
2bed73c51e646a7d2e30f05d02864101 https://github.com/twbs/bootstrap/archive/v4.0.0-beta.2.zip bootstrap/mixins/_alert.scss
fda32b3f0e4f0710ad20d95160b776f8 https://github.com/twbs/bootstrap/archive/v4.0.0-beta.2.zip bootstrap/mixins/_background-variant.scss
89f5463b8a3c2a55390c6ac63202e4d5 https://github.com/twbs/bootstrap/archive/v4.0.0-beta.2.zip bootstrap/mixins/_badge.scss
534186d88eaa34cd09fa9c5e6ffb5d9e https://github.com/twbs/bootstrap/archive/v4.0.0-beta.2.zip bootstrap/mixins/_border-radius.scss
0734cb894c290124df54c0e58ed520a6 https://github.com/twbs/bootstrap/archive/v4.0.0-beta.2.zip bootstrap/mixins/_box-shadow.scss
5caadbd15c18b8082992772383e00933 https://github.com/twbs/bootstrap/archive/v4.0.0-beta.2.zip bootstrap/mixins/_breakpoints.scss
e73aa867e86cef816804ae5e7d628e8b https://github.com/twbs/bootstrap/archive/v4.0.0-beta.2.zip bootstrap/mixins/_buttons.scss
d71beadcd39d8da4787ba331980b636f https://github.com/twbs/bootstrap/archive/v4.0.0-beta.2.zip bootstrap/mixins/_caret.scss
f8d39651a1054cf73e1d56ad398c0af0 https://github.com/twbs/bootstrap/archive/v4.0.0-beta.2.zip bootstrap/mixins/_clearfix.scss
6780a52aed9bf93133b7bd0bf906fae2 https://github.com/twbs/bootstrap/archive/v4.0.0-beta.2.zip bootstrap/mixins/_float.scss
0a5537b156add501cd79aa5cc1e5fd20 https://github.com/twbs/bootstrap/archive/v4.0.0-beta.2.zip bootstrap/mixins/_forms.scss
a01a87920677d1b001b6263f4524395b https://github.com/twbs/bootstrap/archive/v4.0.0-beta.2.zip bootstrap/mixins/_gradients.scss
0c91aa8c38290dcdaae23912e9f32134 https://github.com/twbs/bootstrap/archive/v4.0.0-beta.2.zip bootstrap/mixins/_grid-framework.scss
757a3a445501042f59af88406f97222e https://github.com/twbs/bootstrap/archive/v4.0.0-beta.2.zip bootstrap/mixins/_grid.scss
f5644981a50ee98eaad9df83fdff62ed https://github.com/twbs/bootstrap/archive/v4.0.0-beta.2.zip bootstrap/mixins/_hover.scss
4b36d87b0e03ce4388166e1565bfeccc https://github.com/twbs/bootstrap/archive/v4.0.0-beta.2.zip bootstrap/mixins/_image.scss
ee1ffb39b7537f0682db8b4fdad4a97c https://github.com/twbs/bootstrap/archive/v4.0.0-beta.2.zip bootstrap/mixins/_list-group.scss
c7e34a356a8616f3ad20b7bf88c93854 https://github.com/twbs/bootstrap/archive/v4.0.0-beta.2.zip bootstrap/mixins/_lists.scss
cc264bfe3dc36a3229d876bdf4706b35 https://github.com/twbs/bootstrap/archive/v4.0.0-beta.2.zip bootstrap/mixins/_nav-divider.scss
5d1c5c7e48d23eb35300f95113ade75f https://github.com/twbs/bootstrap/archive/v4.0.0-beta.2.zip bootstrap/mixins/_navbar-align.scss
dac3e7dbc8c3d3984574b2b717f37207 https://github.com/twbs/bootstrap/archive/v4.0.0-beta.2.zip bootstrap/mixins/_pagination.scss
c0b0f39e5df38ceab17f408a8343978a https://github.com/twbs/bootstrap/archive/v4.0.0-beta.2.zip bootstrap/mixins/_reset-text.scss
af032cea5fd5e37d9a5a8b971e290ff4 https://github.com/twbs/bootstrap/archive/v4.0.0-beta.2.zip bootstrap/mixins/_resize.scss
94b46c925ccef640dfe1bdd220c93f92 https://github.com/twbs/bootstrap/archive/v4.0.0-beta.2.zip bootstrap/mixins/_screen-reader.scss
d21a0400871d28cfa21ca6ca6aded272 https://github.com/twbs/bootstrap/archive/v4.0.0-beta.2.zip bootstrap/mixins/_size.scss
60382810086bb5f2cf98791bd45ee1b6 https://github.com/twbs/bootstrap/archive/v4.0.0-beta.2.zip bootstrap/mixins/_table-row.scss
a85378d3b236b668c9c3f24e0bfbea8e https://github.com/twbs/bootstrap/archive/v4.0.0-beta.2.zip bootstrap/mixins/_text-emphasis.scss
7c81b089a0a09c0eca07b3f5ea4cb7af https://github.com/twbs/bootstrap/archive/v4.0.0-beta.2.zip bootstrap/mixins/_text-hide.scss
c51a1018bf42368c45eb12d6ac16f938 https://github.com/twbs/bootstrap/archive/v4.0.0-beta.2.zip bootstrap/mixins/_text-truncate.scss
ecac75471a51869410e79ecafb257aa7 https://github.com/twbs/bootstrap/archive/v4.0.0-beta.2.zip bootstrap/mixins/_transition.scss
7f31029762c03ca5148d2612c24bc757 https://github.com/twbs/bootstrap/archive/v4.0.0-beta.2.zip bootstrap/mixins/_visibility.scss
2d85a42f5904cead7a9371485c63dce5 https://github.com/twbs/bootstrap/archive/v4.0.0-beta.2.zip bootstrap/utilities/_align.scss
e733cf333823bd71687f542c67e18d4d https://github.com/twbs/bootstrap/archive/v4.0.0-beta.2.zip bootstrap/utilities/_background.scss
6123570eafb2d86f8a968bcefb2d677f https://github.com/twbs/bootstrap/archive/v4.0.0-beta.2.zip bootstrap/utilities/_borders.scss
01ed6cc705196c6f0fe33300de134ee7 https://github.com/twbs/bootstrap/archive/v4.0.0-beta.2.zip bootstrap/utilities/_clearfix.scss
bf608168df236e7fa0e3c41194be79da https://github.com/twbs/bootstrap/archive/v4.0.0-beta.2.zip bootstrap/utilities/_display.scss
8dffa88a0a583613970d49886340991c https://github.com/twbs/bootstrap/archive/v4.0.0-beta.2.zip bootstrap/utilities/_embed.scss
f18428e932f17a5fa4ad3c9dd6d08adf https://github.com/twbs/bootstrap/archive/v4.0.0-beta.2.zip bootstrap/utilities/_flex.scss
d15b3c16fde3ee08d8bc2b38c2830f28 https://github.com/twbs/bootstrap/archive/v4.0.0-beta.2.zip bootstrap/utilities/_float.scss
fbee79568d6d418b3cfe3e20c2d1849b https://github.com/twbs/bootstrap/archive/v4.0.0-beta.2.zip bootstrap/utilities/_position.scss
84c388e27d908d2489d1724f464cdc71 https://github.com/twbs/bootstrap/archive/v4.0.0-beta.2.zip bootstrap/utilities/_screenreaders.scss
11d1d5fcb17b6d14ad0acbf5f680a818 https://github.com/twbs/bootstrap/archive/v4.0.0-beta.2.zip bootstrap/utilities/_sizing.scss
9db37aeb4306f6cd7566fb8275b764ad https://github.com/twbs/bootstrap/archive/v4.0.0-beta.2.zip bootstrap/utilities/_spacing.scss
9b8ccdd3d61c96e4e16a9d4c372bbc2b https://github.com/twbs/bootstrap/archive/v4.0.0-beta.2.zip bootstrap/utilities/_text.scss
efe6b7991e3b1924fc26d0ace1a71bc6 https://github.com/twbs/bootstrap/archive/v4.0.0-beta.2.zip bootstrap/utilities/_visibility.scss
